
Microsoft Visual Studio Solution File, Format Version 12.00
# Visual Studio Version 17
VisualStudioVersion = 17.4.33205.214
MinimumVisualStudioVersion = 10.0.40219.1
Project("{FAE04EC0-301F-11D3-BF4B-00C04F79EFBC}") = "ReactAspCrud", "ReactAspCrud\ReactAspCrud.csproj", "{2727D1D9-F163-42FD-ABA3-28F46DE2F292}"
EndProject
Global
	GlobalSection(SolutionConfigurationPlatforms) = preSolution
		Debug|Any CPU = Debug|Any CPU
		Release|Any CPU = Release|Any CPU
	EndGlobalSection
	GlobalSection(ProjectConfigurationPlatforms) = postSolution
		{2727D1D9-F163-42FD-ABA3-28F46DE2F292}.Debug|Any CPU.ActiveCfg = Debug|Any CPU
		{2727D1D9-F163-42FD-ABA3-28F46DE2F292}.Debug|Any CPU.Build.0 = Debug|Any CPU
		{2727D1D9-F163-42FD-ABA3-28F46DE2F292}.Release|Any CPU.ActiveCfg = Release|Any CPU
		{2727D1D9-F163-42FD-ABA3-28F46DE2F292}.Release|Any CPU.Build.0 = Release|Any CPU
	EndGlobalSection
	GlobalSection(SolutionProperties) = preSolution
		HideSolutionNode = FALSE
	EndGlobalSection
	GlobalSection(ExtensibilityGlobals) = postSolution
		SolutionGuid = {67DE1EDD-78A0-4EB9-B42E-7F54318B4AD2}
	EndGlobalSection
EndGlobal
